// !$*UTF8*$!
{
	archiveVersion = 1;
	classes = {
	};
	objectVersion = 56;
	objects = {

/* Begin PBXBuildFile section */
		044DA6AA2EDDE39F007090E7 /* StartViewController.swift in Sources */ = {isa = PBXBuildFile; fileRef = 044DA6A92EDDE39F007090E7 /* StartViewController.swift */; };
		044DA6AC2EDDE463007090E7 /* PageViewController.swift in Sources */ = {isa = PBXBuildFile; fileRef = 044DA6AB2EDDE463007090E7 /* PageViewController.swift */; };
		044DA6AE2EDED55E007090E7 /* ContentViewController.swift in Sources */ = {isa = PBXBuildFile; fileRef = 044DA6AD2EDED55E007090E7 /* ContentViewController.swift */; };
		045004D32EE084D0004CC81B /* UIView+Gradient.swift in Sources */ = {isa = PBXBuildFile; fileRef = 045004D22EE084D0004CC81B /* UIView+Gradient.swift */; };
		049D47FB2EE2C60E00C753CF /* UserDefaultsWrapper.swift in Sources */ = {isa = PBXBuildFile; fileRef = 049D47FA2EE2C60E00C753CF /* UserDefaultsWrapper.swift */; };
		049D47FD2EE305E800C753CF /* PiggyBankViewController.swift in Sources */ = {isa = PBXBuildFile; fileRef = 049D47FC2EE305E800C753CF /* PiggyBankViewController.swift */; };
		049D47FF2EE30FC000C753CF /* PiggyBankViewModel.swift in Sources */ = {isa = PBXBuildFile; fileRef = 049D47FE2EE30FC000C753CF /* PiggyBankViewModel.swift */; };
		049D48012EE30FD200C753CF /* PiggyBankModel.swift in Sources */ = {isa = PBXBuildFile; fileRef = 049D48002EE30FD200C753CF /* PiggyBankModel.swift */; };
		04C922E32EDC53F70060CE0B /* AppDelegate.swift in Sources */ = {isa = PBXBuildFile; fileRef = 04C922E22EDC53F70060CE0B /* AppDelegate.swift */; };
		04C922E52EDC53F70060CE0B /* SceneDelegate.swift in Sources */ = {isa = PBXBuildFile; fileRef = 04C922E42EDC53F70060CE0B /* SceneDelegate.swift */; };
		04C922E72EDC53F70060CE0B /* MainPageViewController.swift in Sources */ = {isa = PBXBuildFile; fileRef = 04C922E62EDC53F70060CE0B /* MainPageViewController.swift */; };
		04C922EA2EDC53F70060CE0B /* Main.storyboard in Resources */ = {isa = PBXBuildFile; fileRef = 04C922E82EDC53F70060CE0B /* Main.storyboard */; };
		04C922EC2EDC53F80060CE0B /* Assets.xcassets in Resources */ = {isa = PBXBuildFile; fileRef = 04C922EB2EDC53F80060CE0B /* Assets.xcassets */; };
		04C922EF2EDC53F80060CE0B /* LaunchScreen.storyboard in Resources */ = {isa = PBXBuildFile; fileRef = 04C922ED2EDC53F80060CE0B /* LaunchScreen.storyboard */; };
		04CDE19B2EE18F39003C8707 /* UIViewController+AlertController.swift in Sources */ = {isa = PBXBuildFile; fileRef = 04CDE19A2EE18F39003C8707 /* UIViewController+AlertController.swift */; };
		04E89C2C2EDD912200FF630E /* HistoryTableViewController.swift in Sources */ = {isa = PBXBuildFile; fileRef = 04E89C2B2EDD912200FF630E /* HistoryTableViewController.swift */; };
		04E89C2E2EDD9F0400FF630E /* MoneyModel.swift in Sources */ = {isa = PBXBuildFile; fileRef = 04E89C2D2EDD9F0400FF630E /* MoneyModel.swift */; };
		04E89C302EDD9FC800FF630E /* ExpensiveViewModel.swift in Sources */ = {isa = PBXBuildFile; fileRef = 04E89C2F2EDD9FC800FF630E /* ExpensiveViewModel.swift */; };
/* End PBXBuildFile section */

/* Begin PBXFileReference section */
		044DA6A92EDDE39F007090E7 /* StartViewController.swift */ = {isa = PBXFileReference; lastKnownFileType = sourcecode.swift; path = StartViewController.swift; sourceTree = "<group>"; };
		044DA6AB2EDDE463007090E7 /* PageViewController.swift */ = {isa = PBXFileReference; lastKnownFileType = sourcecode.swift; path = PageViewController.swift; sourceTree = "<group>"; };
		044DA6AD2EDED55E007090E7 /* ContentViewController.swift */ = {isa = PBXFileReference; lastKnownFileType = sourcecode.swift; path = ContentViewController.swift; sourceTree = "<group>"; };
		045004D22EE084D0004CC81B /* UIView+Gradient.swift */ = {isa = PBXFileReference; lastKnownFileType = sourcecode.swift; path = "UIView+Gradient.swift"; sourceTree = "<group>"; };
		049D47FA2EE2C60E00C753CF /* UserDefaultsWrapper.swift */ = {isa = PBXFileReference; lastKnownFileType = sourcecode.swift; path = UserDefaultsWrapper.swift; sourceTree = "<group>"; };
		049D47FC2EE305E800C753CF /* PiggyBankViewController.swift */ = {isa = PBXFileReference; lastKnownFileType = sourcecode.swift; path = PiggyBankViewController.swift; sourceTree = "<group>"; };
		049D47FE2EE30FC000C753CF /* PiggyBankViewModel.swift */ = {isa = PBXFileReference; lastKnownFileType = sourcecode.swift; path = PiggyBankViewModel.swift; sourceTree = "<group>"; };
		049D48002EE30FD200C753CF /* PiggyBankModel.swift */ = {isa = PBXFileReference; lastKnownFileType = sourcecode.swift; path = PiggyBankModel.swift; sourceTree = "<group>"; };
		04C922DF2EDC53F70060CE0B /* Financial.app */ = {isa = PBXFileReference; explicitFileType = wrapper.application; includeInIndex = 0; path = Financial.app; sourceTree = BUILT_PRODUCTS_DIR; };
		04C922E22EDC53F70060CE0B /* AppDelegate.swift */ = {isa = PBXFileReference; lastKnownFileType = sourcecode.swift; path = AppDelegate.swift; sourceTree = "<group>"; };
		04C922E42EDC53F70060CE0B /* SceneDelegate.swift */ = {isa = PBXFileReference; lastKnownFileType = sourcecode.swift; path = SceneDelegate.swift; sourceTree = "<group>"; };
		04C922E62EDC53F70060CE0B /* MainPageViewController.swift */ = {isa = PBXFileReference; lastKnownFileType = sourcecode.swift; path = MainPageViewController.swift; sourceTree = "<group>"; };
		04C922E92EDC53F70060CE0B /* Base */ = {isa = PBXFileReference; lastKnownFileType = file.storyboard; name = Base; path = Base.lproj/Main.storyboard; sourceTree = "<group>"; };
		04C922EB2EDC53F80060CE0B /* Assets.xcassets */ = {isa = PBXFileReference; lastKnownFileType = folder.assetcatalog; path = Assets.xcassets; sourceTree = "<group>"; };
		04C922EE2EDC53F80060CE0B /* Base */ = {isa = PBXFileReference; lastKnownFileType = file.storyboard; name = Base; path = Base.lproj/LaunchScreen.storyboard; sourceTree = "<group>"; };
		04C922F02EDC53F80060CE0B /* Info.plist */ = {isa = PBXFileReference; lastKnownFileType = text.plist.xml; path = Info.plist; sourceTree = "<group>"; };
		04CDE19A2EE18F39003C8707 /* UIViewController+AlertController.swift */ = {isa = PBXFileReference; lastKnownFileType = sourcecode.swift; path = "UIViewController+AlertController.swift"; sourceTree = "<group>"; };
		04E89C2B2EDD912200FF630E /* HistoryTableViewController.swift */ = {isa = PBXFileReference; lastKnownFileType = sourcecode.swift; path = HistoryTableViewController.swift; sourceTree = "<group>"; };
		04E89C2D2EDD9F0400FF630E /* MoneyModel.swift */ = {isa = PBXFileReference; lastKnownFileType = sourcecode.swift; path = MoneyModel.swift; sourceTree = "<group>"; };
		04E89C2F2EDD9FC800FF630E /* ExpensiveViewModel.swift */ = {isa = PBXFileReference; lastKnownFileType = sourcecode.swift; path = ExpensiveViewModel.swift; sourceTree = "<group>"; };
/* End PBXFileReference section */

/* Begin PBXFrameworksBuildPhase section */
		04C922DC2EDC53F70060CE0B /* Frameworks */ = {
			isa = PBXFrameworksBuildPhase;
			buildActionMask = 2147483647;
			files = (
			);
			runOnlyForDeploymentPostprocessing = 0;
		};
/* End PBXFrameworksBuildPhase section */

/* Begin PBXGroup section */
		044DA6A82EDDDE51007090E7 /* ViewControllers */ = {
			isa = PBXGroup;
			children = (
				04C922E62EDC53F70060CE0B /* MainPageViewController.swift */,
				04E89C2B2EDD912200FF630E /* HistoryTableViewController.swift */,
				044DA6A92EDDE39F007090E7 /* StartViewController.swift */,
				044DA6AB2EDDE463007090E7 /* PageViewController.swift */,
				044DA6AD2EDED55E007090E7 /* ContentViewController.swift */,
				049D47FC2EE305E800C753CF /* PiggyBankViewController.swift */,
			);
			path = ViewControllers;
			sourceTree = "<group>";
		};
		045004D42EE0CA1E004CC81B /* Models */ = {
			isa = PBXGroup;
			children = (
				04E89C2F2EDD9FC800FF630E /* ExpensiveViewModel.swift */,
				04E89C2D2EDD9F0400FF630E /* MoneyModel.swift */,
				049D47FE2EE30FC000C753CF /* PiggyBankViewModel.swift */,
				049D48002EE30FD200C753CF /* PiggyBankModel.swift */,
			);
			path = Models;
			sourceTree = "<group>";
		};
		045004D52EE0CA2F004CC81B /* Extensions */ = {
			isa = PBXGroup;
			children = (
				045004D22EE084D0004CC81B /* UIView+Gradient.swift */,
				04CDE19A2EE18F39003C8707 /* UIViewController+AlertController.swift */,
			);
			path = Extensions;
			sourceTree = "<group>";
		};
		049D47F92EE2C5E300C753CF /* Statics */ = {
			isa = PBXGroup;
			children = (
				049D47FA2EE2C60E00C753CF /* UserDefaultsWrapper.swift */,
			);
			path = Statics;
			sourceTree = "<group>";
		};
		04C922D62EDC53F70060CE0B = {
			isa = PBXGroup;
			children = (
				04C922E12EDC53F70060CE0B /* Financial */,
				04C922E02EDC53F70060CE0B /* Products */,
			);
			sourceTree = "<group>";
		};
		04C922E02EDC53F70060CE0B /* Products */ = {
			isa = PBXGroup;
			children = (
				04C922DF2EDC53F70060CE0B /* Financial.app */,
			);
			name = Products;
			sourceTree = "<group>";
		};
		04C922E12EDC53F70060CE0B /* Financial */ = {
			isa = PBXGroup;
			children = (
				04C922E22EDC53F70060CE0B /* AppDelegate.swift */,
				04C922E42EDC53F70060CE0B /* SceneDelegate.swift */,
				045004D42EE0CA1E004CC81B /* Models */,
				049D47F92EE2C5E300C753CF /* Statics */,
				045004D52EE0CA2F004CC81B /* Extensions */,
				044DA6A82EDDDE51007090E7 /* ViewControllers */,
				04C922E82EDC53F70060CE0B /* Main.storyboard */,
				04C922ED2EDC53F80060CE0B /* LaunchScreen.storyboard */,
				04C922EB2EDC53F80060CE0B /* Assets.xcassets */,
				04C922F02EDC53F80060CE0B /* Info.plist */,
			);
			path = Financial;
			sourceTree = "<group>";
		};
/* End PBXGroup section */

/* Begin PBXNativeTarget section */
		04C922DE2EDC53F70060CE0B /* Financial */ = {
			isa = PBXNativeTarget;
			buildConfigurationList = 04C922F32EDC53F80060CE0B /* Build configuration list for PBXNativeTarget "Financial" */;
			buildPhases = (
				04C922DB2EDC53F70060CE0B /* Sources */,
				04C922DC2EDC53F70060CE0B /* Frameworks */,
				04C922DD2EDC53F70060CE0B /* Resources */,
			);
			buildRules = (
			);
			dependencies = (
			);
			name = Financial;
			productName = Financial;
			productReference = 04C922DF2EDC53F70060CE0B /* Financial.app */;
			productType = "com.apple.product-type.application";
		};
/* End PBXNativeTarget section */

/* Begin PBXProject section */
		04C922D72EDC53F70060CE0B /* Project object */ = {
			isa = PBXProject;
			attributes = {
				BuildIndependentTargetsInParallel = 1;
				LastSwiftUpdateCheck = 1430;
				LastUpgradeCheck = 1430;
				TargetAttributes = {
					04C922DE2EDC53F70060CE0B = {
						CreatedOnToolsVersion = 14.3.1;
					};
				};
			};
			buildConfigurationList = 04C922DA2EDC53F70060CE0B /* Build configuration list for PBXProject "Financial" */;
			compatibilityVersion = "Xcode 14.0";
			developmentRegion = en;
			hasScannedForEncodings = 0;
			knownRegions = (
				en,
				Base,
			);
			mainGroup = 04C922D62EDC53F70060CE0B;
			productRefGroup = 04C922E02EDC53F70060CE0B /* Products */;
			projectDirPath = "";
			projectRoot = "";
			targets = (
				04C922DE2EDC53F70060CE0B /* Financial */,
			);
		};
/* End PBXProject section */

/* Begin PBXResourcesBuildPhase section */
		04C922DD2EDC53F70060CE0B /* Resources */ = {
			isa = PBXResourcesBuildPhase;
			buildActionMask = 2147483647;
			files = (
				04C922EF2EDC53F80060CE0B /* LaunchScreen.storyboard in Resources */,
				04C922EC2EDC53F80060CE0B /* Assets.xcassets in Resources */,
				04C922EA2EDC53F70060CE0B /* Main.storyboard in Resources */,
			);
			runOnlyForDeploymentPostprocessing = 0;
		};
/* End PBXResourcesBuildPhase section */

/* Begin PBXSourcesBuildPhase section */
		04C922DB2EDC53F70060CE0B /* Sources */ = {
			isa = PBXSourcesBuildPhase;
			buildActionMask = 2147483647;
			files = (
				04E89C2E2EDD9F0400FF630E /* MoneyModel.swift in Sources */,
				04CDE19B2EE18F39003C8707 /* UIViewController+AlertController.swift in Sources */,
				044DA6AA2EDDE39F007090E7 /* StartViewController.swift in Sources */,
				04E89C2C2EDD912200FF630E /* HistoryTableViewController.swift in Sources */,
				049D47FB2EE2C60E00C753CF /* UserDefaultsWrapper.swift in Sources */,
				049D47FF2EE30FC000C753CF /* PiggyBankViewModel.swift in Sources */,
				049D47FD2EE305E800C753CF /* PiggyBankViewController.swift in Sources */,
				049D48012EE30FD200C753CF /* PiggyBankModel.swift in Sources */,
				04C922E72EDC53F70060CE0B /* MainPageViewController.swift in Sources */,
				044DA6AE2EDED55E007090E7 /* ContentViewController.swift in Sources */,
				04C922E32EDC53F70060CE0B /* AppDelegate.swift in Sources */,
				04E89C302EDD9FC800FF630E /* ExpensiveViewModel.swift in Sources */,
				04C922E52EDC53F70060CE0B /* SceneDelegate.swift in Sources */,
				045004D32EE084D0004CC81B /* UIView+Gradient.swift in Sources */,
				044DA6AC2EDDE463007090E7 /* PageViewController.swift in Sources */,
			);
			runOnlyForDeploymentPostprocessing = 0;
		};
/* End PBXSourcesBuildPhase section */

/* Begin PBXVariantGroup section */
		04C922E82EDC53F70060CE0B /* Main.storyboard */ = {
			isa = PBXVariantGroup;
			children = (
				04C922E92EDC53F70060CE0B /* Base */,
			);
			name = Main.storyboard;
			sourceTree = "<group>";
		};
		04C922ED2EDC53F80060CE0B /* LaunchScreen.storyboard */ = {
			isa = PBXVariantGroup;
			children = (
				04C922EE2EDC53F80060CE0B /* Base */,
			);
			name = LaunchScreen.storyboard;
			sourceTree = "<group>";
		};
/* End PBXVariantGroup section */

/* Begin XCBuildConfiguration section */
		04C922F12EDC53F80060CE0B /* Debug */ = {
			isa = XCBuildConfiguration;
			buildSettings = {
				ALWAYS_SEARCH_USER_PATHS = NO;
				CLANG_ANALYZER_NONNULL = YES;
				CLANG_ANALYZER_NUMBER_OBJECT_CONVERSION = YES_AGGRESSIVE;
				CLANG_CXX_LANGUAGE_STANDARD = "gnu++20";
				CLANG_ENABLE_MODULES = YES;
				CLANG_ENABLE_OBJC_ARC = YES;
				CLANG_ENABLE_OBJC_WEAK = YES;
				CLANG_WARN_BLOCK_CAPTURE_AUTORELEASING = YES;
				CLANG_WARN_BOOL_CONVERSION = YES;
				CLANG_WARN_COMMA = YES;
				CLANG_WARN_CONSTANT_CONVERSION = YES;
				CLANG_WARN_DEPRECATED_OBJC_IMPLEMENTATIONS = YES;
				CLANG_WARN_DIRECT_OBJC_ISA_USAGE = YES_ERROR;
				CLANG_WARN_DOCUMENTATION_COMMENTS = YES;
				CLANG_WARN_EMPTY_BODY = YES;
				CLANG_WARN_ENUM_CONVERSION = YES;
				CLANG_WARN_INFINITE_RECURSION = YES;
				CLANG_WARN_INT_CONVERSION = YES;
				CLANG_WARN_NON_LITERAL_NULL_CONVERSION = YES;
				CLANG_WARN_OBJC_IMPLICIT_RETAIN_SELF = YES;
				CLANG_WARN_OBJC_LITERAL_CONVERSION = YES;
				CLANG_WARN_OBJC_ROOT_CLASS = YES_ERROR;
				CLANG_WARN_QUOTED_INCLUDE_IN_FRAMEWORK_HEADER = YES;
				CLANG_WARN_RANGE_LOOP_ANALYSIS = YES;
				CLANG_WARN_STRICT_PROTOTYPES = YES;
				CLANG_WARN_SUSPICIOUS_MOVE = YES;
				CLANG_WARN_UNGUARDED_AVAILABILITY = YES_AGGRESSIVE;
				CLANG_WARN_UNREACHABLE_CODE = YES;
				CLANG_WARN__DUPLICATE_METHOD_MATCH = YES;
				COPY_PHASE_STRIP = NO;
				DEBUG_INFORMATION_FORMAT = dwarf;
				ENABLE_STRICT_OBJC_MSGSEND = YES;
				ENABLE_TESTABILITY = YES;
				GCC_C_LANGUAGE_STANDARD = gnu11;
				GCC_DYNAMIC_NO_PIC = NO;
				GCC_NO_COMMON_BLOCKS = YES;
				GCC_OPTIMIZATION_LEVEL = 0;
				GCC_PREPROCESSOR_DEFINITIONS = (
					"DEBUG=1",
					"$(inherited)",
				);
				GCC_WARN_64_TO_32_BIT_CONVERSION = YES;
				GCC_WARN_ABOUT_RETURN_TYPE = YES_ERROR;
				GCC_WARN_UNDECLARED_SELECTOR = YES;
				GCC_WARN_UNINITIALIZED_AUTOS = YES_AGGRESSIVE;
				GCC_WARN_UNUSED_FUNCTION = YES;
				GCC_WARN_UNUSED_VARIABLE = YES;
				IPHONEOS_DEPLOYMENT_TARGET = 16.6;
				MTL_ENABLE_DEBUG_INFO = INCLUDE_SOURCE;
				MTL_FAST_MATH = YES;
				ONLY_ACTIVE_ARCH = YES;
				SDKROOT = iphoneos;
				SWIFT_ACTIVE_COMPILATION_CONDITIONS = DEBUG;
				SWIFT_OPTIMIZATION_LEVEL = "-Onone";
			};
			name = Debug;
		};
		04C922F22EDC53F80060CE0B /* Release */ = {
			isa = XCBuildConfiguration;
			buildSettings = {
				ALWAYS_SEARCH_USER_PATHS = NO;
				CLANG_ANALYZER_NONNULL = YES;
				CLANG_ANALYZER_NUMBER_OBJECT_CONVERSION = YES_AGGRESSIVE;
				CLANG_CXX_LANGUAGE_STANDARD = "gnu++20";
				CLANG_ENABLE_MODULES = YES;
				CLANG_ENABLE_OBJC_ARC = YES;
				CLANG_ENABLE_OBJC_WEAK = YES;
				CLANG_WARN_BLOCK_CAPTURE_AUTORELEASING = YES;
				CLANG_WARN_BOOL_CONVERSION = YES;
				CLANG_WARN_COMMA = YES;
				CLANG_WARN_CONSTANT_CONVERSION = YES;
				CLANG_WARN_DEPRECATED_OBJC_IMPLEMENTATIONS = YES;
				CLANG_WARN_DIRECT_OBJC_ISA_USAGE = YES_ERROR;
				CLANG_WARN_DOCUMENTATION_COMMENTS = YES;
				CLANG_WARN_EMPTY_BODY = YES;
				CLANG_WARN_ENUM_CONVERSION = YES;
				CLANG_WARN_INFINITE_RECURSION = YES;
				CLANG_WARN_INT_CONVERSION = YES;
				CLANG_WARN_NON_LITERAL_NULL_CONVERSION = YES;
				CLANG_WARN_OBJC_IMPLICIT_RETAIN_SELF = YES;
				CLANG_WARN_OBJC_LITERAL_CONVERSION = YES;
				CLANG_WARN_OBJC_ROOT_CLASS = YES_ERROR;
				CLANG_WARN_QUOTED_INCLUDE_IN_FRAMEWORK_HEADER = YES;
				CLANG_WARN_RANGE_LOOP_ANALYSIS = YES;
				CLANG_WARN_STRICT_PROTOTYPES = YES;
				CLANG_WARN_SUSPICIOUS_MOVE = YES;
				CLANG_WARN_UNGUARDED_AVAILABILITY = YES_AGGRESSIVE;
				CLANG_WARN_UNREACHABLE_CODE = YES;
				CLANG_WARN__DUPLICATE_METHOD_MATCH = YES;
				COPY_PHASE_STRIP = NO;
				DEBUG_INFORMATION_FORMAT = "dwarf-with-dsym";
				ENABLE_NS_ASSERTIONS = NO;
				ENABLE_STRICT_OBJC_MSGSEND = YES;
				GCC_C_LANGUAGE_STANDARD = gnu11;
				GCC_NO_COMMON_BLOCKS = YES;
				GCC_WARN_64_TO_32_BIT_CONVERSION = YES;
				GCC_WARN_ABOUT_RETURN_TYPE = YES_ERROR;
				GCC_WARN_UNDECLARED_SELECTOR = YES;
				GCC_WARN_UNINITIALIZED_AUTOS = YES_AGGRESSIVE;
				GCC_WARN_UNUSED_FUNCTION = YES;
				GCC_WARN_UNUSED_VARIABLE = YES;
				IPHONEOS_DEPLOYMENT_TARGET = 16.6;
				MTL_ENABLE_DEBUG_INFO = NO;
				MTL_FAST_MATH = YES;
				SDKROOT = iphoneos;
				SWIFT_COMPILATION_MODE = wholemodule;
				SWIFT_OPTIMIZATION_LEVEL = "-O";
				VALIDATE_PRODUCT = YES;
			};
			name = Release;
		};
		04C922F42EDC53F80060CE0B /* Debug */ = {
			isa = XCBuildConfiguration;
			buildSettings = {
				ASSETCATALOG_COMPILER_APPICON_NAME = AppIcon;
				ASSETCATALOG_COMPILER_GLOBAL_ACCENT_COLOR_NAME = AccentColor;
				CODE_SIGN_STYLE = Automatic;
				CURRENT_PROJECT_VERSION = 1;
				DEVELOPMENT_TEAM = 9SGNXW9R54;
				GENERATE_INFOPLIST_FILE = YES;
				INFOPLIST_FILE = Financial/Info.plist;
				INFOPLIST_KEY_CFBundleDisplayName = "Мои Финансы";
				INFOPLIST_KEY_UIApplicationSupportsIndirectInputEvents = YES;
				INFOPLIST_KEY_UILaunchStoryboardName = LaunchScreen;
				INFOPLIST_KEY_UIMainStoryboardFile = Main;
				INFOPLIST_KEY_UISupportedInterfaceOrientations = UIInterfaceOrientationPortrait;
				INFOPLIST_KEY_UISupportedInterfaceOrientations_iPad = "UIInterfaceOrientationLandscapeLeft UIInterfaceOrientationLandscapeRight UIInterfaceOrientationPortrait UIInterfaceOrientationPortraitUpsideDown";
				IPHONEOS_DEPLOYMENT_TARGET = 17.2;
				LD_RUNPATH_SEARCH_PATHS = (
					"$(inherited)",
					"@executable_path/Frameworks",
				);
				MARKETING_VERSION = 1.0;
				PRODUCT_BUNDLE_IDENTIFIER = com.BM.Financial;
				PRODUCT_NAME = "$(TARGET_NAME)";
				SUPPORTED_PLATFORMS = "iphoneos iphonesimulator";
				SUPPORTS_MACCATALYST = NO;
				SUPPORTS_MAC_DESIGNED_FOR_IPHONE_IPAD = NO;
				SUPPORTS_XR_DESIGNED_FOR_IPHONE_IPAD = NO;
				SWIFT_EMIT_LOC_STRINGS = YES;
				SWIFT_VERSION = 5.0;
				TARGETED_DEVICE_FAMILY = 1;
			};
			name = Debug;
		};
		04C922F52EDC53F80060CE0B /* Release */ = {
			isa = XCBuildConfiguration;
			buildSettings = {
				ASSETCATALOG_COMPILER_APPICON_NAME = AppIcon;
				ASSETCATALOG_COMPILER_GLOBAL_ACCENT_COLOR_NAME = AccentColor;
				CODE_SIGN_STYLE = Automatic;
				CURRENT_PROJECT_VERSION = 1;
				DEVELOPMENT_TEAM = 9SGNXW9R54;
				GENERATE_INFOPLIST_FILE = YES;
				INFOPLIST_FILE = Financial/Info.plist;
				INFOPLIST_KEY_CFBundleDisplayName = "Мои Финансы";
				INFOPLIST_KEY_UIApplicationSupportsIndirectInputEvents = YES;
				INFOPLIST_KEY_UILaunchStoryboardName = LaunchScreen;
				INFOPLIST_KEY_UIMainStoryboardFile = Main;
				INFOPLIST_KEY_UISupportedInterfaceOrientations = UIInterfaceOrientationPortrait;
				INFOPLIST_KEY_UISupportedInterfaceOrientations_iPad = "UIInterfaceOrientationLandscapeLeft UIInterfaceOrientationLandscapeRight UIInterfaceOrientationPortrait UIInterfaceOrientationPortraitUpsideDown";
				IPHONEOS_DEPLOYMENT_TARGET = 17.2;
				LD_RUNPATH_SEARCH_PATHS = (
					"$(inherited)",
					"@executable_path/Frameworks",
				);
				MARKETING_VERSION = 1.0;
				PRODUCT_BUNDLE_IDENTIFIER = com.BM.Financial;
				PRODUCT_NAME = "$(TARGET_NAME)";
				SUPPORTED_PLATFORMS = "iphoneos iphonesimulator";
				SUPPORTS_MACCATALYST = NO;
				SUPPORTS_MAC_DESIGNED_FOR_IPHONE_IPAD = NO;
				SUPPORTS_XR_DESIGNED_FOR_IPHONE_IPAD = NO;
				SWIFT_EMIT_LOC_STRINGS = YES;
				SWIFT_VERSION = 5.0;
				TARGETED_DEVICE_FAMILY = 1;
			};
			name = Release;
		};
/* End XCBuildConfiguration section */

/* Begin XCConfigurationList section */
		04C922DA2EDC53F70060CE0B /* Build configuration list for PBXProject "Financial" */ = {
			isa = XCConfigurationList;
			buildConfigurations = (
				04C922F12EDC53F80060CE0B /* Debug */,
				04C922F22EDC53F80060CE0B /* Release */,
			);
			defaultConfigurationIsVisible = 0;
			defaultConfigurationName = Release;
		};
		04C922F32EDC53F80060CE0B /* Build configuration list for PBXNativeTarget "Financial" */ = {
			isa = XCConfigurationList;
			buildConfigurations = (
				04C922F42EDC53F80060CE0B /* Debug */,
				04C922F52EDC53F80060CE0B /* Release */,
			);
			defaultConfigurationIsVisible = 0;
			defaultConfigurationName = Release;
		};
/* End XCConfigurationList section */
	};
	rootObject = 04C922D72EDC53F70060CE0B /* Project object */;
}
